uuid: 446a6ec1-cd71-4dc2-a7ee-488a8b6d74d8
langcode: en
status: true
dependencies:
  module:
    - taxonomy
id: taxonomy_term.field_boat_featured_in_block
field_name: field_boat_featured_in_block
entity_type: taxonomy_term
type: boolean
settings: {  }
module: core
locked: false
cardinality: 1
translatable: true
indexes: {  }
persist_with_no_fields: false
custom_storage: false
