uuid: f24527cf-6916-4813-8d73-f2768a51d61a
langcode: en
status: true
dependencies:
  module:
    - nmma_megamenu_blocks
  theme:
    - nmma
id: discoverboatingmegamenublock
theme: nmma
region: megamenu_1
weight: 0
provider: null
plugin: discover_boating
settings:
  id: discover_boating
  label: 'Discover Boating Megamenu Block'
  provider: nmma_megamenu_blocks
  label_display: '0'
visibility: {  }
