uuid: b2579d0e-2b93-4150-a3ac-7690a2fe7825
langcode: en
status: true
dependencies:
  config:
    - block_content.type.teaser_block
    - core.entity_view_mode.block_content.teaser_block
    - field.field.block_content.teaser_block.body
    - field.field.block_content.teaser_block.field_image
    - field.field.block_content.teaser_block.field_layout_direction
    - field.field.block_content.teaser_block.field_link
  module:
    - image
    - link
    - options
    - text
id: block_content.teaser_block.teaser_block
targetEntityType: block_content
bundle: teaser_block
mode: teaser_block
content:
  body:
    label: hidden
    type: text_default
    weight: 0
    settings: {  }
    third_party_settings: {  }
    region: content
  field_image:
    weight: 1
    label: hidden
    settings:
      image_style: ''
      image_link: ''
    third_party_settings: {  }
    type: image
    region: content
  field_layout_direction:
    type: list_key
    weight: 2
    region: content
    label: hidden
    settings: {  }
    third_party_settings: {  }
  field_link:
    weight: 2
    label: hidden
    settings:
      trim_length: 80
      url_only: false
      url_plain: false
      rel: ''
      target: ''
    third_party_settings: {  }
    type: link
    region: content
hidden:
  langcode: true
